
Microsoft Visual Studio Solution File, Format Version 12.00
# Visual Studio Version 17
VisualStudioVersion = 17.5.33424.131
MinimumVisualStudioVersion = 10.0.40219.1
Project("{FAE04EC0-301F-11D3-BF4B-00C04F79EFBC}") = "Task1_Marketplace", "Task1_Marketplace.csproj", "{7455712F-7963-4375-9430-322931BFE7EC}"
EndProject
Global
	GlobalSection(SolutionConfigurationPlatforms) = preSolution
		Debug|Any CPU = Debug|Any CPU
		Release|Any CPU = Release|Any CPU
	EndGlobalSection
	GlobalSection(ProjectConfigurationPlatforms) = postSolution
		{7455712F-7963-4375-9430-322931BFE7EC}.Debug|Any CPU.ActiveCfg = Debug|Any CPU
		{7455712F-7963-4375-9430-322931BFE7EC}.Debug|Any CPU.Build.0 = Debug|Any CPU
		{7455712F-7963-4375-9430-322931BFE7EC}.Release|Any CPU.ActiveCfg = Release|Any CPU
		{7455712F-7963-4375-9430-322931BFE7EC}.Release|Any CPU.Build.0 = Release|Any CPU
	EndGlobalSection
	GlobalSection(SolutionProperties) = preSolution
		HideSolutionNode = FALSE
	EndGlobalSection
	GlobalSection(ExtensibilityGlobals) = postSolution
		SolutionGuid = {ECB19B50-6CCD-4AB0-B50A-6EA804EE03CE}
	EndGlobalSection
EndGlobal
